
Microsoft Visual Studio Solution File, Format Version 12.00
# Visual Studio Version 17
VisualStudioVersion = 17.8.34316.72
MinimumVisualStudioVersion = 10.0.40219.1
Project("{FAE04EC0-301F-11D3-BF4B-00C04F79EFBC}") = "LibrarySystemVinh", "LibrarySystemVinh\LibrarySystemVinh.csproj", "{A801CB44-141F-4884-B024-3494208F1B55}"
EndProject
Global
	GlobalSection(SolutionConfigurationPlatforms) = preSolution
		Debug|Any CPU = Debug|Any CPU
		Release|Any CPU = Release|Any CPU
	EndGlobalSection
	GlobalSection(ProjectConfigurationPlatforms) = postSolution
		{A801CB44-141F-4884-B024-3494208F1B55}.Debug|Any CPU.ActiveCfg = Debug|Any CPU
		{A801CB44-141F-4884-B024-3494208F1B55}.Debug|Any CPU.Build.0 = Debug|Any CPU
		{A801CB44-141F-4884-B024-3494208F1B55}.Release|Any CPU.ActiveCfg = Release|Any CPU
		{A801CB44-141F-4884-B024-3494208F1B55}.Release|Any CPU.Build.0 = Release|Any CPU
	EndGlobalSection
	GlobalSection(SolutionProperties) = preSolution
		HideSolutionNode = FALSE
	EndGlobalSection
	GlobalSection(ExtensibilityGlobals) = postSolution
		SolutionGuid = {9AD1E8F2-7988-45CF-BBB2-5956FF1140C1}
	EndGlobalSection
EndGlobal
